
Microsoft Visual Studio Solution File, Format Version 12.00
# Visual Studio Version 17
VisualStudioVersion = 17.0.31903.59
MinimumVisualStudioVersion = 10.0.40219.1
Project("{2150E333-8FDC-42A3-9474-1A3956D46DE8}") = "Backend", "Backend", "{1AE8ACA6-933B-BF2A-3671-3E2EAC007D16}"
EndProject
Project("{FAE04EC0-301F-11D3-BF4B-00C04F79EFBC}") = "GramShopPOS.API", "Backend\GramShopPOS.API\GramShopPOS.API.csproj", "{03490E8C-E954-49AF-BA64-D52A8B2CF08B}"
EndProject
Project("{FAE04EC0-301F-11D3-BF4B-00C04F79EFBC}") = "GramShopPOS.Tests", "Backend\GramShopPOS.Tests\GramShopPOS.Tests.csproj", "{FABACD49-80F8-46BE-A88B-EEF3CCC95CEE}"
EndProject
Project("{FAE04EC0-301F-11D3-BF4B-00C04F79EFBC}") = "GramShopPOS.Domain", "Backend\GramShopPOS.Domain\GramShopPOS.Domain.csproj", "{F5951D42-655F-4481-8FB1-F1D3E343FA7C}"
EndProject
Project("{FAE04EC0-301F-11D3-BF4B-00C04F79EFBC}") = "GramShopPOS.Application", "Backend\GramShopPOS.Application\GramShopPOS.Application.csproj", "{FE41C5EC-441D-438A-A511-38A56DFDF542}"
EndProject
Project("{FAE04EC0-301F-11D3-BF4B-00C04F79EFBC}") = "GramShopPOS.Infrastructure", "Backend\GramShopPOS.Infrastructure\GramShopPOS.Infrastructure.csproj", "{3B1524AB-69C2-4BF8-BB9E-4EA15E67C11B}"
EndProject
Global
	GlobalSection(SolutionConfigurationPlatforms) = preSolution
		Debug|Any CPU = Debug|Any CPU
		Debug|x64 = Debug|x64
		Debug|x86 = Debug|x86
		Release|Any CPU = Release|Any CPU
		Release|x64 = Release|x64
		Release|x86 = Release|x86
	EndGlobalSection
	GlobalSection(ProjectConfigurationPlatforms) = postSolution
		{03490E8C-E954-49AF-BA64-D52A8B2CF08B}.Debug|Any CPU.ActiveCfg = Debug|Any CPU
		{03490E8C-E954-49AF-BA64-D52A8B2CF08B}.Debug|Any CPU.Build.0 = Debug|Any CPU
		{03490E8C-E954-49AF-BA64-D52A8B2CF08B}.Debug|x64.ActiveCfg = Debug|Any CPU
		{03490E8C-E954-49AF-BA64-D52A8B2CF08B}.Debug|x64.Build.0 = Debug|Any CPU
		{03490E8C-E954-49AF-BA64-D52A8B2CF08B}.Debug|x86.ActiveCfg = Debug|Any CPU
		{03490E8C-E954-49AF-BA64-D52A8B2CF08B}.Debug|x86.Build.0 = Debug|Any CPU
		{03490E8C-E954-49AF-BA64-D52A8B2CF08B}.Release|Any CPU.ActiveCfg = Release|Any CPU
		{03490E8C-E954-49AF-BA64-D52A8B2CF08B}.Release|Any CPU.Build.0 = Release|Any CPU
		{03490E8C-E954-49AF-BA64-D52A8B2CF08B}.Release|x64.ActiveCfg = Release|Any CPU
		{03490E8C-E954-49AF-BA64-D52A8B2CF08B}.Release|x64.Build.0 = Release|Any CPU
		{03490E8C-E954-49AF-BA64-D52A8B2CF08B}.Release|x86.ActiveCfg = Release|Any CPU
		{03490E8C-E954-49AF-BA64-D52A8B2CF08B}.Release|x86.Build.0 = Release|Any CPU
		{FABACD49-80F8-46BE-A88B-EEF3CCC95CEE}.Debug|Any CPU.ActiveCfg = Debug|Any CPU
		{FABACD49-80F8-46BE-A88B-EEF3CCC95CEE}.Debug|Any CPU.Build.0 = Debug|Any CPU
		{FABACD49-80F8-46BE-A88B-EEF3CCC95CEE}.Debug|x64.ActiveCfg = Debug|Any CPU
		{FABACD49-80F8-46BE-A88B-EEF3CCC95CEE}.Debug|x64.Build.0 = Debug|Any CPU
		{FABACD49-80F8-46BE-A88B-EEF3CCC95CEE}.Debug|x86.ActiveCfg = Debug|Any CPU
		{FABACD49-80F8-46BE-A88B-EEF3CCC95CEE}.Debug|x86.Build.0 = Debug|Any CPU
		{FABACD49-80F8-46BE-A88B-EEF3CCC95CEE}.Release|Any CPU.ActiveCfg = Release|Any CPU
		{FABACD49-80F8-46BE-A88B-EEF3CCC95CEE}.Release|Any CPU.Build.0 = Release|Any CPU
		{FABACD49-80F8-46BE-A88B-EEF3CCC95CEE}.Release|x64.ActiveCfg = Release|Any CPU
		{FABACD49-80F8-46BE-A88B-EEF3CCC95CEE}.Release|x64.Build.0 = Release|Any CPU
		{FABACD49-80F8-46BE-A88B-EEF3CCC95CEE}.Release|x86.ActiveCfg = Release|Any CPU
		{FABACD49-80F8-46BE-A88B-EEF3CCC95CEE}.Release|x86.Build.0 = Release|Any CPU
		{F5951D42-655F-4481-8FB1-F1D3E343FA7C}.Debug|Any CPU.ActiveCfg = Debug|Any CPU
		{F5951D42-655F-4481-8FB1-F1D3E343FA7C}.Debug|Any CPU.Build.0 = Debug|Any CPU
		{F5951D42-655F-4481-8FB1-F1D3E343FA7C}.Debug|x64.ActiveCfg = Debug|Any CPU
		{F5951D42-655F-4481-8FB1-F1D3E343FA7C}.Debug|x64.Build.0 = Debug|Any CPU
		{F5951D42-655F-4481-8FB1-F1D3E343FA7C}.Debug|x86.ActiveCfg = Debug|Any CPU
		{F5951D42-655F-4481-8FB1-F1D3E343FA7C}.Debug|x86.Build.0 = Debug|Any CPU
		{F5951D42-655F-4481-8FB1-F1D3E343FA7C}.Release|Any CPU.ActiveCfg = Release|Any CPU
		{F5951D42-655F-4481-8FB1-F1D3E343FA7C}.Release|Any CPU.Build.0 = Release|Any CPU
		{F5951D42-655F-4481-8FB1-F1D3E343FA7C}.Release|x64.ActiveCfg = Release|Any CPU
		{F5951D42-655F-4481-8FB1-F1D3E343FA7C}.Release|x64.Build.0 = Release|Any CPU
		{F5951D42-655F-4481-8FB1-F1D3E343FA7C}.Release|x86.ActiveCfg = Release|Any CPU
		{F5951D42-655F-4481-8FB1-F1D3E343FA7C}.Release|x86.Build.0 = Release|Any CPU
		{FE41C5EC-441D-438A-A511-38A56DFDF542}.Debug|Any CPU.ActiveCfg = Debug|Any CPU
		{FE41C5EC-441D-438A-A511-38A56DFDF542}.Debug|Any CPU.Build.0 = Debug|Any CPU
		{FE41C5EC-441D-438A-A511-38A56DFDF542}.Debug|x64.ActiveCfg = Debug|Any CPU
		{FE41C5EC-441D-438A-A511-38A56DFDF542}.Debug|x64.Build.0 = Debug|Any CPU
		{FE41C5EC-441D-438A-A511-38A56DFDF542}.Debug|x86.ActiveCfg = Debug|Any CPU
		{FE41C5EC-441D-438A-A511-38A56DFDF542}.Debug|x86.Build.0 = Debug|Any CPU
		{FE41C5EC-441D-438A-A511-38A56DFDF542}.Release|Any CPU.ActiveCfg = Release|Any CPU
		{FE41C5EC-441D-438A-A511-38A56DFDF542}.Release|Any CPU.Build.0 = Release|Any CPU
		{FE41C5EC-441D-438A-A511-38A56DFDF542}.Release|x64.ActiveCfg = Release|Any CPU
		{FE41C5EC-441D-438A-A511-38A56DFDF542}.Release|x64.Build.0 = Release|Any CPU
		{FE41C5EC-441D-438A-A511-38A56DFDF542}.Release|x86.ActiveCfg = Release|Any CPU
		{FE41C5EC-441D-438A-A511-38A56DFDF542}.Release|x86.Build.0 = Release|Any CPU
		{3B1524AB-69C2-4BF8-BB9E-4EA15E67C11B}.Debug|Any CPU.ActiveCfg = Debug|Any CPU
		{3B1524AB-69C2-4BF8-BB9E-4EA15E67C11B}.Debug|Any CPU.Build.0 = Debug|Any CPU
		{3B1524AB-69C2-4BF8-BB9E-4EA15E67C11B}.Debug|x64.ActiveCfg = Debug|Any CPU
		{3B1524AB-69C2-4BF8-BB9E-4EA15E67C11B}.Debug|x64.Build.0 = Debug|Any CPU
		{3B1524AB-69C2-4BF8-BB9E-4EA15E67C11B}.Debug|x86.ActiveCfg = Debug|Any CPU
		{3B1524AB-69C2-4BF8-BB9E-4EA15E67C11B}.Debug|x86.Build.0 = Debug|Any CPU
		{3B1524AB-69C2-4BF8-BB9E-4EA15E67C11B}.Release|Any CPU.ActiveCfg = Release|Any CPU
		{3B1524AB-69C2-4BF8-BB9E-4EA15E67C11B}.Release|Any CPU.Build.0 = Release|Any CPU
		{3B1524AB-69C2-4BF8-BB9E-4EA15E67C11B}.Release|x64.ActiveCfg = Release|Any CPU
		{3B1524AB-69C2-4BF8-BB9E-4EA15E67C11B}.Release|x64.Build.0 = Release|Any CPU
		{3B1524AB-69C2-4BF8-BB9E-4EA15E67C11B}.Release|x86.ActiveCfg = Release|Any CPU
		{3B1524AB-69C2-4BF8-BB9E-4EA15E67C11B}.Release|x86.Build.0 = Release|Any CPU
	EndGlobalSection
	GlobalSection(SolutionProperties) = preSolution
		HideSolutionNode = FALSE
	EndGlobalSection
	GlobalSection(NestedProjects) = preSolution
		{03490E8C-E954-49AF-BA64-D52A8B2CF08B} = {1AE8ACA6-933B-BF2A-3671-3E2EAC007D16}
		{FABACD49-80F8-46BE-A88B-EEF3CCC95CEE} = {1AE8ACA6-933B-BF2A-3671-3E2EAC007D16}
		{F5951D42-655F-4481-8FB1-F1D3E343FA7C} = {1AE8ACA6-933B-BF2A-3671-3E2EAC007D16}
		{FE41C5EC-441D-438A-A511-38A56DFDF542} = {1AE8ACA6-933B-BF2A-3671-3E2EAC007D16}
		{3B1524AB-69C2-4BF8-BB9E-4EA15E67C11B} = {1AE8ACA6-933B-BF2A-3671-3E2EAC007D16}
	EndGlobalSection
EndGlobal
